version = 1
revision = 3
requires-python = ">=3.14"

[[package]]
name = "annotated-doc"
version = "0.0.5"
source = { registry = "https://pypi.org/simple" }
sdist = { url = "https://files.pythonhosted.org/packages/5a/8e/38aa427ed5402449e226975b649c5dc73ccadfefeb95e6aecb8f8ea4b6b6/annotated_doc-0.0.5.tar.gz", hash = "sha256:c7e58ce09192557605d8bbd92836d7e1d520ac9580096042c0bfd197efacf1bb", size = 10758, upload-time = "2026-07-28T13:50:58.129Z" }
wheels = [
    { url = "https://files.pythonhosted.org/packages/3e/30/e900b21425a860e195f32e37657aa1f7c7f2b1bfb26f03ca209b90933c06/annotated_doc-0.0.5-py3-none-any.whl", hash = "sha256:117bac03a25ede5df5440e855b32d556049ca169ead221505badf432fed4b101", size = 5302, upload-time = "2026-07-28T13:50:57.239Z" },
]

[[package]]
name = "colorama"
version = "0.4.6"
source = { registry = "https://pypi.org/simple" }
sdist = { url = "https://files.pythonhosted.org/packages/d8/53/6f443c9a4a8358a93a6792e2acffb9d9d5cb0a5cfd8802644b7b1c9a02e4/colorama-0.4.6.tar.gz", hash = "sha256:08695f5cb7ed6e0531a20572697297273c47b8cae5a63ffc6d6ed5c201be6e44", size = 27697, upload-time = "2022-10-25T02:36:22.414Z" }
wheels = [
    { url = "https://files.pythonhosted.org/packages/d1/d6/3965ed04c63042e047cb6a3e6ed1a63a35087b6a609aa3a15ed8ac56c221/colorama-0.4.6-py2.py3-none-any.whl", hash = "sha256:4f1d9991f5acc0ca119f9d443620b77f9d6b33703e51011c16baf57afb285fc6", size = 25335, upload-time = "2022-10-25T02:36:20.889Z" },
]

[[package]]
name = "markdown-it-py"
version = "4.2.0"
source = { registry = "https://pypi.org/simple" }
dependencies = [
    { name = "mdurl" },
]
sdist = { url = "https://files.pythonhosted.org/packages/06/ff/7841249c247aa650a76b9ee4bbaeae59370dc8bfd2f6c01f3630c35eb134/markdown_it_py-4.2.0.tar.gz", hash = "sha256:04a21681d6fbb623de53f6f364d352309d4094dd4194040a10fd51833e418d49", size = 82454, upload-time = "2026-05-07T12:08:28.36Z" }
wheels = [
    { url = "https://files.pythonhosted.org/packages/b3/81/4da04ced5a082363ecfa159c010d200ecbd959ae410c10c0264a38cac0f5/markdown_it_py-4.2.0-py3-none-any.whl", hash = "sha256:9f7ebbcd14fe59494226453aed97c1070d83f8d24b6fc3a3bcf9a38092641c4a", size = 91687, upload-time = "2026-05-07T12:08:27.182Z" },
]

[[package]]
name = "mdurl"
version = "0.1.2"
source = { registry = "https://pypi.org/simple" }
sdist = { url = "https://files.pythonhosted.org/packages/d6/54/cfe61301667036ec958cb99bd3efefba235e65cdeb9c84d24a8293ba1d90/mdurl-0.1.2.tar.gz", hash = "sha256:bb413d29f5eea38f31dd4754dd7377d4465116fb207585f97bf925588687c1ba", size = 8729, upload-time = "2022-08-14T12:40:10.846Z" }
wheels = [
    { url = "https://files.pythonhosted.org/packages/b3/38/89ba8ad64ae25be8de66a6d463314cf1eb366222074cfda9ee839c56a4b4/mdurl-0.1.2-py3-none-any.whl", hash = "sha256:84008a41e51615a49fc9966191ff91509e3c40b939176e643fd50a5c2196b8f8", size = 9979, upload-time = "2022-08-14T12:40:09.779Z" },
]

[[package]]
name = "pygments"
version = "2.21.0"
source = { registry = "https://pypi.org/simple" }
sdist = { url = "https://files.pythonhosted.org/packages/49/2e/ced460408999b33da6b31b0021b0f37d329e202d4169aeb164493778f25b/pygments-2.21.0.tar.gz", hash = "sha256:610ca751c9bc2492b38eb9a38a7fbc93edbbb2d7182edaf34e66ae493dee5c8c", size = 5005329, upload-time = "2026-08-17T08:02:48.824Z" }
wheels = [
    { url = "https://files.pythonhosted.org/packages/71/46/17f022dd3e953bf20a04a028a21ec746d942f8d2af30fa0f124fa0e6a684/pygments-2.21.0-py3-none-any.whl", hash = "sha256:2363c69b61c4a97c838da3b130dcd6468f4848992b21a82f2a63ec34377137d9", size = 1250147, upload-time = "2026-08-17T08:02:44.912Z" },
]

[[package]]
name = "pythonproject"
version = "0.1.0"
source = { virtual = "." }
dependencies = [
    { name = "typer" },
    { name = "uv" },
]

[package.metadata]
requires-dist = [
    { name = "typer", specifier = ">=0.27.2" },
    { name = "uv", specifier = "==0.12.13" },
]

[[package]]
name = "rich"
version = "15.0.0"
source = { registry = "https://pypi.org/simple" }
dependencies = [
    { name = "markdown-it-py" },
    { name = "pygments" },
]
sdist = { url = "https://files.pythonhosted.org/packages/c0/8f/0722ca900cc807c13a6a0c696dacf35430f72e0ec571c4275d2371fca3e9/rich-15.0.0.tar.gz", hash = "sha256:edd07a4824c6b40189fb7ac9bc4c52536e9780fbbfbddf6f1e2502c31b068c36", size = 230680, upload-time = "2026-04-12T08:24:00.75Z" }
wheels = [
    { url = "https://files.pythonhosted.org/packages/82/3b/64d4899d73f91ba49a8c18a8ff3f0ea8f1c1d75481760df8c68ef5235bf5/rich-15.0.0-py3-none-any.whl", hash = "sha256:33bd4ef74232fb73fe9279a257718407f169c09b78a87ad3d296f548e27de0bb", size = 310654, upload-time = "2026-04-12T08:24:02.83Z" },
]

[[package]]
name = "shellingham"
version = "1.5.4"
source = { registry = "https://pypi.org/simple" }
sdist = { url = "https://files.pythonhosted.org/packages/58/15/8b3609fd3830ef7b27b655beb4b4e9c62313a4e8da8c676e142cc210d58e/shellingham-1.5.4.tar.gz", hash = "sha256:8dbca0739d487e5bd35ab3ca4b36e11c4078f3a234bfce294b0a0291363404de", size = 10310, upload-time = "2023-10-24T04:13:40.426Z" }
wheels = [
    { url = "https://files.pythonhosted.org/packages/e0/f9/0595336914c5619e5f28a1fb793285925a8cd4b432c9da0a987836c7f822/shellingham-1.5.4-py2.py3-none-any.whl", hash = "sha256:7ecfff8f2fd72616f7481040475a65b2bf8af90a56c89140852d1120324e8686", size = 9755, upload-time = "2023-10-24T04:13:38.866Z" },
]

[[package]]
name = "typer"
version = "0.27.2"
source = { registry = "https://pypi.org/simple" }
dependencies = [
    { name = "annotated-doc" },
    { name = "colorama", marker = "sys_platform == 'win32'" },
    { name = "rich" },
    { name = "shellingham" },
]
sdist = { url = "https://files.pythonhosted.org/packages/16/f7/57713ba479fd405eb76de31404b2c744c289e336b2d999511ebf51e496f7/typer-0.27.2.tar.gz", hash = "sha256:269b7eb9d3c202ca84b4bc9618cb04ebb43d3d4d1e567e4c768607232c05f945", size = 204045, upload-time = "2026-08-28T10:26:55.046Z" }
wheels = [
    { url = "https://files.pythonhosted.org/packages/dc/bf/205d0004930ede8f542fb58f601526fccf4ae7626075ca1e6c4de5d3d652/typer-0.27.2-py3-none-any.whl", hash = "sha256:b3a5fc4342d5fc8fda8fc3010b1cf117e9249aab7fae800c2eff62fd3842d97d", size = 123130, upload-time = "2026-08-28T10:26:53.752Z" },
]

[[package]]
name = "uv"
version = "0.12.13"
source = { registry = "https://pypi.org/simple" }
sdist = { url = "https://files.pythonhosted.org/packages/13/24/c4c6633e70c6ea353d31d2d45aac09e7cbcd3a7e62cd9f558d4c7a1aa4a4/uv-0.12.13.tar.gz", hash = "sha256:80c05ac556fec1504466c4cdcd135eb8f99e358ce3f17da336de696852791551", size = 7172692, upload-time = "2026-09-10T19:25:50.134Z" }
wheels = [
    { url = "https://files.pythonhosted.org/packages/c1/c2/144e91ebc02fa9a5b750d1fc82c77041e0b20021b84eab0ee4b62144a4e5/uv-0.12.13-py3-none-linux_armv6l.whl", hash = "sha256:7aafa9fad6d8a2f0eec5dafdc6279633fb8fd5642c0934d4d73696c4edb9379e", size = 22233722, upload-time = "2026-09-10T19:25:01.982Z" },
    { url = "https://files.pythonhosted.org/packages/7b/e9/de1916ac6602c226838aa1eee1033ce68138427399c63f9b47a5a1fa3dba/uv-0.12.13-py3-none-macosx_10_12_x86_64.whl", hash = "sha256:ac7f135750b7419283029edb93453b4d41c7d7ff90f9b3860a6e474ddf98f016", size = 20486403, upload-time = "2026-09-10T19:25:05.749Z" },
    { url = "https://files.pythonhosted.org/packages/2a/33/ef14dc7c9c4cfaf0c3a4aed5a298b76b5dea94c75b233f7620c49c9b2e09/uv-0.12.13-py3-none-macosx_11_0_arm64.whl", hash = "sha256:f86e5f02883c2e7a21bf522f4aa520c20d4f779d9a3368fbd6cdfe4a8f9549b5", size = 16796030, upload-time = "2026-09-10T19:25:08.355Z" },
    { url = "https://files.pythonhosted.org/packages/6a/94/0b1156a245e6ce20d68fa401c34a18d304d7dd0be0569345e62459e34821/uv-0.12.13-py3-none-manylinux_2_17_aarch64.manylinux2014_aarch64.musllinux_1_1_aarch64.whl", hash = "sha256:891aff3e186cd5844102750372304e9ca20edffc50cb39a14cd047ea3416de75", size = 21699128, upload-time = "2026-09-10T19:25:10.889Z" },
    { url = "https://files.pythonhosted.org/packages/4e/08/3d5d282c5b016e424d01f25d555200cff7c64eb9c69719d06e6c9a0b2181/uv-0.12.13-py3-none-manylinux_2_17_armv7l.manylinux2014_armv7l.musllinux_1_1_armv7l.whl", hash = "sha256:b9854ef55f665401f95237e1db55162dd9d7a4a46929326e6f52a5388ca57842", size = 21731754, upload-time = "2026-09-10T19:25:13.565Z" },
    { url = "https://files.pythonhosted.org/packages/94/40/93e520a6acc3acbc9e7d3c0af3a88395f65c552c054e5a1aa16fcdbebcf3/uv-0.12.13-py3-none-manylinux_2_17_armv7l.manylinux2014_armv7l.whl", hash = "sha256:263700a9b02d12bc8f1322b250f959435c4077fe3c16ff588e68672f3eddbd07", size = 21793261, upload-time = "2026-09-10T19:25:16.107Z" },
    { url = "https://files.pythonhosted.org/packages/0c/d3/71005d10201428abe7610259b96d87d536a569a052fd2e7fdfecca4cd1f7/uv-0.12.13-py3-none-manylinux_2_17_i686.manylinux2014_i686.whl", hash = "sha256:9ecd65bb4fbae642418ecc2f92d0811143eeaa96fcf96a7f18b74c475a7601c5", size = 22387944, upload-time = "2026-09-10T19:25:19.195Z" },
    { url = "https://files.pythonhosted.org/packages/2f/f0/8533c6a2f485a79cfd772f5a39a440a21a47f0629b76da61ea0dc96d9107/uv-0.12.13-py3-none-manylinux_2_17_ppc64le.manylinux2014_ppc64le.whl", hash = "sha256:959d330f99a653d115b440c28fb2abc3e720ca10e9f0131d97a48bfd5e59b4d2", size = 23729708, upload-time = "2026-09-10T19:25:21.959Z" },
    { url = "https://files.pythonhosted.org/packages/8c/06/03cab2f43fca04d0613819f9b8254d34fb776a26952baa2ac8ffb5adf420/uv-0.12.13-py3-none-manylinux_2_17_s390x.manylinux2014_s390x.whl", hash = "sha256:19264bcb664138bd94f66a39d6d1fe7bc4614f94deea98a995f88d779db0c4ba", size = 23361433, upload-time = "2026-09-10T19:25:24.514Z" },
    { url = "https://files.pythonhosted.org/packages/0c/31/f774e18ea9282f63fb3a4f83db8b818b860fb10efda1d295e4547e993bf8/uv-0.12.13-py3-none-manylinux_2_17_x86_64.manylinux2014_x86_64.whl", hash = "sha256:5312891392eb5b72eaca9b880e85fe3e706a2b11342e59f7a5cf0304d14d5cc5", size = 20029009, upload-time = "2026-09-10T19:25:27.135Z" },
    { url = "https://files.pythonhosted.org/packages/ca/f5/74a2b7e9c8aaa2d53bd16626ee68ebc0d3c2f58a36d4f3ae5939db455668/uv-0.12.13-py3-none-manylinux_2_28_aarch64.whl", hash = "sha256:b9c703a4aaee1288f33e2ce8b39a0245f432b57bd5d769073756b68e9ca6bafe", size = 19432758, upload-time = "2026-09-10T19:25:29.626Z" },
    { url = "https://files.pythonhosted.org/packages/f3/3e/c2b963e3550932669a8ed7b917cd1e0a58d9a46430958afbf8c2b442540f/uv-0.12.13-py3-none-manylinux_2_31_riscv64.musllinux_1_1_riscv64.whl", hash = "sha256:bc83ca045c140fcc5d010d451def731be1d225c472f7e4d474610f9e8deb88db", size = 22498193, upload-time = "2026-09-10T19:25:32.252Z" },
    { url = "https://files.pythonhosted.org/packages/15/3c/2efd62c47cc046f0b4f554a5189a64381ca3158853290940d24d0032b1fc/uv-0.12.13-py3-none-manylinux_2_31_riscv64.whl", hash = "sha256:6e6b9b2464aa917699fd6206932fca89483e45663ce438dac4e5bca5342e9bd0", size = 22614561, upload-time = "2026-09-10T19:25:34.821Z" },
    { url = "https://files.pythonhosted.org/packages/1d/6e/60595f41d159110f45301cee23fe0ae440ddfc1adfd64361c0b17e9c7a88/uv-0.12.13-py3-none-musllinux_1_1_i686.whl", hash = "sha256:93efdd41ccce008368ba6677ac9f788203b3c95cb2424657c3079b2f1d0022ee", size = 21537620, upload-time = "2026-09-10T19:25:37.546Z" },
    { url = "https://files.pythonhosted.org/packages/10/bd/1e34c94b846965cb9dbd94da9fffd22f4ebaa3896307b13394cc960a3047/uv-0.12.13-py3-none-musllinux_1_1_x86_64.whl", hash = "sha256:15f368be55e87109391a31c50846e81086b9792ccb43a1731774e961ea0641b7", size = 22903874, upload-time = "2026-09-10T19:25:40.166Z" },
    { url = "https://files.pythonhosted.org/packages/8e/e9/4d61956aab93ccd97003e2281e25258222250f4f8bd3730c5f01dbe15813/uv-0.12.13-py3-none-win32.whl", hash = "sha256:970ef5e688bce5936172bec9b2c73876fc1996d4e0318a26562310af92b0a75d", size = 19592237, upload-time = "2026-09-10T19:25:42.733Z" },
    { url = "https://files.pythonhosted.org/packages/69/1b/f40b1ad51226c2ae8707aa124f3b31f9b176a00482048dadd42d9b953d1e/uv-0.12.13-py3-none-win_amd64.whl", hash = "sha256:3efae0a910a25e18732f38ac1ef7b02e23f47b7fe67735039921fceff01d518c", size = 17708127, upload-time = "2026-09-10T19:25:45.105Z" },
    { url = "https://files.pythonhosted.org/packages/af/c8/d7629ecca85ee889bf8375730435e8c2dd920071a55c1d797e60200816e8/uv-0.12.13-py3-none-win_arm64.whl", hash = "sha256:ad61c396a57caac8b351429294e44ee52a1ecb1629b95d6898bd7c63ed3c13f3", size = 18913765, upload-time = "2026-09-10T19:25:47.754Z" },
]
